{
	"name": "node-red-cipherflow",
	"version": "0.1.5",
	"lockfileVersion": 2,
	"requires": true,
	"packages": {
		"": {
			"name": "node-red-cipherflow",
			"version": "0.1.5",
			"license": "MIT",
			"dependencies": {
				"node-seal": "^5.0.0",
				"randomstring": "^1.2.2",
				"uuid": "^8.3.2"
			}
		},
		"node_modules/array-uniq": {
			"version": "1.0.2",
			"resolved": "https://registry.npmjs.org/array-uniq/-/array-uniq-1.0.2.tgz",
			"integrity": "sha512-GVYjmpL05al4dNlKJm53mKE4w9OOLiuVHWorsIA3YVz+Hu0hcn6PtE3Ydl0EqU7v+7ABC4mjjWsnLUxbpno+CA==",
			"engines": {
				"node": ">=0.10.0"
			}
		},
		"node_modules/node-seal": {
			"version": "5.0.0",
			"resolved": "https://registry.npmjs.org/node-seal/-/node-seal-5.0.0.tgz",
			"integrity": "sha512-+ev8KJFZfy56mE0c1HVyg+LnS8kVKRhSqBVKaLtEtnD/x0J59Y7pWkI52pL/esXEEKxBzdtJkq1lVGEZOzE2cQ=="
		},
		"node_modules/randombytes": {
			"version": "2.0.3",
			"resolved": "https://registry.npmjs.org/randombytes/-/randombytes-2.0.3.tgz",
			"integrity": "sha512-lDVjxQQFoCG1jcrP06LNo2lbWp4QTShEXnhActFBwYuHprllQV6VUpwreApsYqCgD+N1mHoqJ/BI/4eV4R2GYg=="
		},
		"node_modules/randomstring": {
			"version": "1.2.2",
			"resolved": "https://registry.npmjs.org/randomstring/-/randomstring-1.2.2.tgz",
			"integrity": "sha512-9FByiB8guWZLbE+akdQiWE3I1I6w7Vn5El4o4y7o5bWQ6DWPcEOp+aLG7Jezc8BVRKKpgJd2ppRX0jnKu1YCfg==",
			"dependencies": {
				"array-uniq": "1.0.2",
				"randombytes": "2.0.3"
			},
			"bin": {
				"randomstring": "bin/randomstring"
			},
			"engines": {
				"node": "*"
			}
		},
		"node_modules/uuid": {
			"version": "8.3.2",
			"resolved": "https://registry.npmjs.org/uuid/-/uuid-8.3.2.tgz",
			"integrity": "sha512-+NYs2QeMWy+GWFOEm9xnn6HCDp0l7QBD7ml8zLUmJ+93Q5NF0NocErnwkTkXVFNiX3/fpC6afS8Dhb/gz7R7eg==",
			"bin": {
				"uuid": "dist/bin/uuid"
			}
		}
	},
	"dependencies": {
		"array-uniq": {
			"version": "1.0.2",
			"resolved": "https://registry.npmjs.org/array-uniq/-/array-uniq-1.0.2.tgz",
			"integrity": "sha512-GVYjmpL05al4dNlKJm53mKE4w9OOLiuVHWorsIA3YVz+Hu0hcn6PtE3Ydl0EqU7v+7ABC4mjjWsnLUxbpno+CA=="
		},
		"node-seal": {
			"version": "5.0.0",
			"resolved": "https://registry.npmjs.org/node-seal/-/node-seal-5.0.0.tgz",
			"integrity": "sha512-+ev8KJFZfy56mE0c1HVyg+LnS8kVKRhSqBVKaLtEtnD/x0J59Y7pWkI52pL/esXEEKxBzdtJkq1lVGEZOzE2cQ=="
		},
		"randombytes": {
			"version": "2.0.3",
			"resolved": "https://registry.npmjs.org/randombytes/-/randombytes-2.0.3.tgz",
			"integrity": "sha512-lDVjxQQFoCG1jcrP06LNo2lbWp4QTShEXnhActFBwYuHprllQV6VUpwreApsYqCgD+N1mHoqJ/BI/4eV4R2GYg=="
		},
		"randomstring": {
			"version": "1.2.2",
			"resolved": "https://registry.npmjs.org/randomstring/-/randomstring-1.2.2.tgz",
			"integrity": "sha512-9FByiB8guWZLbE+akdQiWE3I1I6w7Vn5El4o4y7o5bWQ6DWPcEOp+aLG7Jezc8BVRKKpgJd2ppRX0jnKu1YCfg==",
			"requires": {
				"array-uniq": "1.0.2",
				"randombytes": "2.0.3"
			}
		},
		"uuid": {
			"version": "8.3.2",
			"resolved": "https://registry.npmjs.org/uuid/-/uuid-8.3.2.tgz",
			"integrity": "sha512-+NYs2QeMWy+GWFOEm9xnn6HCDp0l7QBD7ml8zLUmJ+93Q5NF0NocErnwkTkXVFNiX3/fpC6afS8Dhb/gz7R7eg=="
		}
	}
}
