# THIS IS AN AUTOGENERATED FILE. DO NOT EDIT THIS FILE DIRECTLY.
# yarn lockfile v1


node-seal@^5.0.0:
  version "5.0.0"
  resolved "https://registry.yarnpkg.com/node-seal/-/node-seal-5.0.0.tgz#3315b9c8d6cce5b8f817ed7dfb85ca2295ac3415"
  integrity sha512-+ev8KJFZfy56mE0c1HVyg+LnS8kVKRhSqBVKaLtEtnD/x0J59Y7pWkI52pL/esXEEKxBzdtJkq1lVGEZOzE2cQ==
